
Microsoft Visual Studio Solution File, Format Version 12.00
# Visual Studio 15
VisualStudioVersion = 15.0.28307.757
MinimumVisualStudioVersion = 10.0.40219.1
Project("{FAE04EC0-301F-11D3-BF4B-00C04F79EFBC}") = "test3", "test3\test3.csproj", "{8B1A3C34-F023-4516-952E-A6171E255FB4}"
EndProject
Global
	GlobalSection(SolutionConfigurationPlatforms) = preSolution
		Debug|Any CPU = Debug|Any CPU
		Release|Any CPU = Release|Any CPU
	EndGlobalSection
	GlobalSection(ProjectConfigurationPlatforms) = postSolution
		{8B1A3C34-F023-4516-952E-A6171E255FB4}.Debug|Any CPU.ActiveCfg = Debug|Any CPU
		{8B1A3C34-F023-4516-952E-A6171E255FB4}.Debug|Any CPU.Build.0 = Debug|Any CPU
		{8B1A3C34-F023-4516-952E-A6171E255FB4}.Release|Any CPU.ActiveCfg = Release|Any CPU
		{8B1A3C34-F023-4516-952E-A6171E255FB4}.Release|Any CPU.Build.0 = Release|Any CPU
	EndGlobalSection
	GlobalSection(SolutionProperties) = preSolution
		HideSolutionNode = FALSE
	EndGlobalSection
	GlobalSection(ExtensibilityGlobals) = postSolution
		SolutionGuid = {FF625741-F8DF-4933-ACD2-29A79B33F022}
	EndGlobalSection
EndGlobal
