
Microsoft Visual Studio Solution File, Format Version 12.00
# Visual Studio Version 17
VisualStudioVersion = 17.14.36603.0 d17.14
MinimumVisualStudioVersion = 10.0.40219.1
Project("{FAE04EC0-301F-11D3-BF4B-00C04F79EFBC}") = "SavePlugin", "SavePlugin.csproj", "{5A6F826C-7DED-4232-BEE9-9540463A1940}"
EndProject
Global
	GlobalSection(SolutionConfigurationPlatforms) = preSolution
		Debug|Any CPU = Debug|Any CPU
		Release|Any CPU = Release|Any CPU
	EndGlobalSection
	GlobalSection(ProjectConfigurationPlatforms) = postSolution
		{5A6F826C-7DED-4232-BEE9-9540463A1940}.Debug|Any CPU.ActiveCfg = Debug|Any CPU
		{5A6F826C-7DED-4232-BEE9-9540463A1940}.Debug|Any CPU.Build.0 = Debug|Any CPU
		{5A6F826C-7DED-4232-BEE9-9540463A1940}.Release|Any CPU.ActiveCfg = Release|Any CPU
		{5A6F826C-7DED-4232-BEE9-9540463A1940}.Release|Any CPU.Build.0 = Release|Any CPU
	EndGlobalSection
	GlobalSection(SolutionProperties) = preSolution
		HideSolutionNode = FALSE
	EndGlobalSection
	GlobalSection(ExtensibilityGlobals) = postSolution
		SolutionGuid = {EACB0602-0527-4D17-8C74-27B9C673F01A}
	EndGlobalSection
EndGlobal
