
Microsoft Visual Studio Solution File, Format Version 12.00
# Visual Studio 15
VisualStudioVersion = 15.0.28307.757
MinimumVisualStudioVersion = 10.0.40219.1
Project("{FAE04EC0-301F-11D3-BF4B-00C04F79EFBC}") = "readBuckFile", "readBuckFile\readBuckFile.csproj", "{1949DAD4-BE61-4DC7-9E86-52EE6AE9822E}"
EndProject
Global
	GlobalSection(SolutionConfigurationPlatforms) = preSolution
		Debug|Any CPU = Debug|Any CPU
		Release|Any CPU = Release|Any CPU
	EndGlobalSection
	GlobalSection(ProjectConfigurationPlatforms) = postSolution
		{1949DAD4-BE61-4DC7-9E86-52EE6AE9822E}.Debug|Any CPU.ActiveCfg = Debug|Any CPU
		{1949DAD4-BE61-4DC7-9E86-52EE6AE9822E}.Debug|Any CPU.Build.0 = Debug|Any CPU
		{1949DAD4-BE61-4DC7-9E86-52EE6AE9822E}.Release|Any CPU.ActiveCfg = Release|Any CPU
		{1949DAD4-BE61-4DC7-9E86-52EE6AE9822E}.Release|Any CPU.Build.0 = Release|Any CPU
	EndGlobalSection
	GlobalSection(SolutionProperties) = preSolution
		HideSolutionNode = FALSE
	EndGlobalSection
	GlobalSection(ExtensibilityGlobals) = postSolution
		SolutionGuid = {D23B9E80-B186-4266-A697-E073CFAF58FC}
	EndGlobalSection
EndGlobal
