
Microsoft Visual Studio Solution File, Format Version 12.00
# Visual Studio 15
VisualStudioVersion = 15.0.28307.2017
MinimumVisualStudioVersion = 10.0.40219.1
Project("{FAE04EC0-301F-11D3-BF4B-00C04F79EFBC}") = "readBuckFile", "readBuckFile.csproj", "{D73464C8-D9A5-4019-9340-E1704AA0BCEE}"
EndProject
Global
	GlobalSection(SolutionConfigurationPlatforms) = preSolution
		Debug|x86 = Debug|x86
		Release|x86 = Release|x86
	EndGlobalSection
	GlobalSection(ProjectConfigurationPlatforms) = postSolution
		{D73464C8-D9A5-4019-9340-E1704AA0BCEE}.Debug|x86.ActiveCfg = Debug|x86
		{D73464C8-D9A5-4019-9340-E1704AA0BCEE}.Debug|x86.Build.0 = Debug|x86
		{D73464C8-D9A5-4019-9340-E1704AA0BCEE}.Release|x86.ActiveCfg = Release|x86
		{D73464C8-D9A5-4019-9340-E1704AA0BCEE}.Release|x86.Build.0 = Release|x86
	EndGlobalSection
	GlobalSection(SolutionProperties) = preSolution
		HideSolutionNode = FALSE
	EndGlobalSection
	GlobalSection(ExtensibilityGlobals) = postSolution
		SolutionGuid = {B9D38DC9-6B1A-4A0A-B3F8-29684E1F0DEE}
	EndGlobalSection
EndGlobal
